// !$*UTF8*$!
{
	archiveVersion = 1;
	classes = {
	};
	objectVersion = 56;
	objects = {

/* Begin PBXBuildFile section */
		1163609A2B789CC0000F7B37 /* String+Extensions.swift in Sources */ = {isa = PBXBuildFile; fileRef = 116360992B789CC0000F7B37 /* String+Extensions.swift */; };
		1163609D2B78A145000F7B37 /* NavigationBack.swift in Sources */ = {isa = PBXBuildFile; fileRef = 1163609C2B78A145000F7B37 /* NavigationBack.swift */; };
		1163609F2B78A24C000F7B37 /* DetailNewsView.swift in Sources */ = {isa = PBXBuildFile; fileRef = 1163609E2B78A24C000F7B37 /* DetailNewsView.swift */; };
		116360A22B78A2F6000F7B37 /* ImageLoader.swift in Sources */ = {isa = PBXBuildFile; fileRef = 116360A12B78A2F6000F7B37 /* ImageLoader.swift */; };
		116360A42B78A31B000F7B37 /* ImageView.swift in Sources */ = {isa = PBXBuildFile; fileRef = 116360A32B78A31B000F7B37 /* ImageView.swift */; };
		116360A62B78A3AF000F7B37 /* ListsViewModel.swift in Sources */ = {isa = PBXBuildFile; fileRef = 116360A52B78A3AF000F7B37 /* ListsViewModel.swift */; };
		116360A82B78A5F2000F7B37 /* DetailBeersView.swift in Sources */ = {isa = PBXBuildFile; fileRef = 116360A72B78A5F2000F7B37 /* DetailBeersView.swift */; };
		11DDA5202B74806900955A8C /* OtusApp.swift in Sources */ = {isa = PBXBuildFile; fileRef = 11DDA51F2B74806900955A8C /* OtusApp.swift */; };
		11DDA5222B74806900955A8C /* ContentView.swift in Sources */ = {isa = PBXBuildFile; fileRef = 11DDA5212B74806900955A8C /* ContentView.swift */; };
		11DDA5242B74806A00955A8C /* Assets.xcassets in Resources */ = {isa = PBXBuildFile; fileRef = 11DDA5232B74806A00955A8C /* Assets.xcassets */; };
		11DDA5272B74806A00955A8C /* Preview Assets.xcassets in Resources */ = {isa = PBXBuildFile; fileRef = 11DDA5262B74806A00955A8C /* Preview Assets.xcassets */; };
		11DDA5322B7480C000955A8C /* CustomContentView.swift in Sources */ = {isa = PBXBuildFile; fileRef = 11DDA52E2B7480C000955A8C /* CustomContentView.swift */; };
		11DDA5332B7480C000955A8C /* CustomRootView.swift in Sources */ = {isa = PBXBuildFile; fileRef = 11DDA52F2B7480C000955A8C /* CustomRootView.swift */; };
		11DDA5342B7480C000955A8C /* CustomTransition.swift in Sources */ = {isa = PBXBuildFile; fileRef = 11DDA5302B7480C000955A8C /* CustomTransition.swift */; };
		11DDA5352B7480C000955A8C /* DetailView.swift in Sources */ = {isa = PBXBuildFile; fileRef = 11DDA5312B7480C000955A8C /* DetailView.swift */; };
		11DDA53D2B74823900955A8C /* CustomNavigationStack in Frameworks */ = {isa = PBXBuildFile; productRef = 11DDA53C2B74823900955A8C /* CustomNavigationStack */; };
		11DDA5432B748BCC00955A8C /* FruitDetail.swift in Sources */ = {isa = PBXBuildFile; fileRef = 11DDA5412B748BCC00955A8C /* FruitDetail.swift */; };
		11DDA5442B748BCC00955A8C /* ParentNavView.swift in Sources */ = {isa = PBXBuildFile; fileRef = 11DDA5422B748BCC00955A8C /* ParentNavView.swift */; };
		11DDA5482B748BE500955A8C /* PathProductSubView.swift in Sources */ = {isa = PBXBuildFile; fileRef = 11DDA5472B748BE500955A8C /* PathProductSubView.swift */; };
		11DDA54B2B748BEC00955A8C /* ProductView.swift in Sources */ = {isa = PBXBuildFile; fileRef = 11DDA5492B748BEC00955A8C /* ProductView.swift */; };
		11DDA54C2B748BEC00955A8C /* IdView.swift in Sources */ = {isa = PBXBuildFile; fileRef = 11DDA54A2B748BEC00955A8C /* IdView.swift */; };
		11DDA54F2B748C0200955A8C /* PathViewModel.swift in Sources */ = {isa = PBXBuildFile; fileRef = 11DDA54E2B748C0100955A8C /* PathViewModel.swift */; };
		11DDA5522B748C2100955A8C /* NavigationStackParent.swift in Sources */ = {isa = PBXBuildFile; fileRef = 11DDA5502B748C2100955A8C /* NavigationStackParent.swift */; };
		11DDA5532B748C2100955A8C /* NavigationStackPathView.swift in Sources */ = {isa = PBXBuildFile; fileRef = 11DDA5512B748C2100955A8C /* NavigationStackPathView.swift */; };
		11DDA5562B748C2C00955A8C /* Product.swift in Sources */ = {isa = PBXBuildFile; fileRef = 11DDA5542B748C2C00955A8C /* Product.swift */; };
		11DDA5572B748C2C00955A8C /* Consts.swift in Sources */ = {isa = PBXBuildFile; fileRef = 11DDA5552B748C2C00955A8C /* Consts.swift */; };
		11DDA55A2B748C9700955A8C /* ListsView.swift in Sources */ = {isa = PBXBuildFile; fileRef = 11DDA5592B748C9700955A8C /* ListsView.swift */; };
		11DDA55E2B74C4A900955A8C /* ListsType.swift in Sources */ = {isa = PBXBuildFile; fileRef = 11DDA55D2B74C4A900955A8C /* ListsType.swift */; };
		11DDA5612B74CB4300955A8C /* NetworkManager.swift in Sources */ = {isa = PBXBuildFile; fileRef = 11DDA5602B74CB4300955A8C /* NetworkManager.swift */; };
		11DDA5652B74DA7600955A8C /* ArtworksResponse.swift in Sources */ = {isa = PBXBuildFile; fileRef = 11DDA5642B74DA7600955A8C /* ArtworksResponse.swift */; };
		11DDA5672B74DA8900955A8C /* ArtworksPagination.swift in Sources */ = {isa = PBXBuildFile; fileRef = 11DDA5662B74DA8900955A8C /* ArtworksPagination.swift */; };
		11DDA5692B74DAD000955A8C /* Artwork.swift in Sources */ = {isa = PBXBuildFile; fileRef = 11DDA5682B74DAD000955A8C /* Artwork.swift */; };
		11DDA56C2B74E36900955A8C /* RandomAccessCollection+Extensions.swift in Sources */ = {isa = PBXBuildFile; fileRef = 11DDA56B2B74E36900955A8C /* RandomAccessCollection+Extensions.swift */; };
		11DDA56F2B74E56100955A8C /* NewsResponse.swift in Sources */ = {isa = PBXBuildFile; fileRef = 11DDA56E2B74E56100955A8C /* NewsResponse.swift */; };
		11DDA5712B74E56D00955A8C /* Article.swift in Sources */ = {isa = PBXBuildFile; fileRef = 11DDA5702B74E56D00955A8C /* Article.swift */; };
		11DDA5772B74E5EE00955A8C /* ArtworksView.swift in Sources */ = {isa = PBXBuildFile; fileRef = 11DDA5762B74E5EE00955A8C /* ArtworksView.swift */; };
		11DDA5792B74E60200955A8C /* ArtworksViewModel.swift in Sources */ = {isa = PBXBuildFile; fileRef = 11DDA5782B74E60200955A8C /* ArtworksViewModel.swift */; };
		11DDA57C2B74E73B00955A8C /* NewsView.swift in Sources */ = {isa = PBXBuildFile; fileRef = 11DDA57B2B74E73B00955A8C /* NewsView.swift */; };
		11DDA57E2B74E74000955A8C /* NewsViewModel.swift in Sources */ = {isa = PBXBuildFile; fileRef = 11DDA57D2B74E74000955A8C /* NewsViewModel.swift */; };
		11DDA5812B75186A00955A8C /* BeersResponse.swift in Sources */ = {isa = PBXBuildFile; fileRef = 11DDA5802B75186A00955A8C /* BeersResponse.swift */; };
		11DDA5842B75190800955A8C /* BeersView.swift in Sources */ = {isa = PBXBuildFile; fileRef = 11DDA5832B75190800955A8C /* BeersView.swift */; };
		11DDA5862B75190E00955A8C /* BeersViewModel.swift in Sources */ = {isa = PBXBuildFile; fileRef = 11DDA5852B75190E00955A8C /* BeersViewModel.swift */; };
		11DDA5882B751CE900955A8C /* DetailArtworksView.swift in Sources */ = {isa = PBXBuildFile; fileRef = 11DDA5872B751CE900955A8C /* DetailArtworksView.swift */; };
/* End PBXBuildFile section */

/* Begin PBXFileReference section */
		116360992B789CC0000F7B37 /* String+Extensions.swift */ = {isa = PBXFileReference; lastKnownFileType = sourcecode.swift; path = "String+Extensions.swift"; sourceTree = "<group>"; };
		1163609C2B78A145000F7B37 /* NavigationBack.swift */ = {isa = PBXFileReference; lastKnownFileType = sourcecode.swift; path = NavigationBack.swift; sourceTree = "<group>"; };
		1163609E2B78A24C000F7B37 /* DetailNewsView.swift */ = {isa = PBXFileReference; lastKnownFileType = sourcecode.swift; path = DetailNewsView.swift; sourceTree = "<group>"; };
		116360A12B78A2F6000F7B37 /* ImageLoader.swift */ = {isa = PBXFileReference; lastKnownFileType = sourcecode.swift; path = ImageLoader.swift; sourceTree = "<group>"; };
		116360A32B78A31B000F7B37 /* ImageView.swift */ = {isa = PBXFileReference; lastKnownFileType = sourcecode.swift; path = ImageView.swift; sourceTree = "<group>"; };
		116360A52B78A3AF000F7B37 /* ListsViewModel.swift */ = {isa = PBXFileReference; lastKnownFileType = sourcecode.swift; path = ListsViewModel.swift; sourceTree = "<group>"; };
		116360A72B78A5F2000F7B37 /* DetailBeersView.swift */ = {isa = PBXFileReference; lastKnownFileType = sourcecode.swift; path = DetailBeersView.swift; sourceTree = "<group>"; };
		11DDA51C2B74806900955A8C /* Otus.app */ = {isa = PBXFileReference; explicitFileType = wrapper.application; includeInIndex = 0; path = Otus.app; sourceTree = BUILT_PRODUCTS_DIR; };
		11DDA51F2B74806900955A8C /* OtusApp.swift */ = {isa = PBXFileReference; lastKnownFileType = sourcecode.swift; path = OtusApp.swift; sourceTree = "<group>"; };
		11DDA5212B74806900955A8C /* ContentView.swift */ = {isa = PBXFileReference; lastKnownFileType = sourcecode.swift; path = ContentView.swift; sourceTree = "<group>"; };
		11DDA5232B74806A00955A8C /* Assets.xcassets */ = {isa = PBXFileReference; lastKnownFileType = folder.assetcatalog; path = Assets.xcassets; sourceTree = "<group>"; };
		11DDA5262B74806A00955A8C /* Preview Assets.xcassets */ = {isa = PBXFileReference; lastKnownFileType = folder.assetcatalog; path = "Preview Assets.xcassets"; sourceTree = "<group>"; };
		11DDA52E2B7480C000955A8C /* CustomContentView.swift */ = {isa = PBXFileReference; fileEncoding = 4; lastKnownFileType = sourcecode.swift; path = CustomContentView.swift; sourceTree = "<group>"; };
		11DDA52F2B7480C000955A8C /* CustomRootView.swift */ = {isa = PBXFileReference; fileEncoding = 4; lastKnownFileType = sourcecode.swift; path = CustomRootView.swift; sourceTree = "<group>"; };
		11DDA5302B7480C000955A8C /* CustomTransition.swift */ = {isa = PBXFileReference; fileEncoding = 4; lastKnownFileType = sourcecode.swift; path = CustomTransition.swift; sourceTree = "<group>"; };
		11DDA5312B7480C000955A8C /* DetailView.swift */ = {isa = PBXFileReference; fileEncoding = 4; lastKnownFileType = sourcecode.swift; path = DetailView.swift; sourceTree = "<group>"; };
		11DDA53B2B7481D200955A8C /* CustomNavigationStack */ = {isa = PBXFileReference; lastKnownFileType = wrapper; name = CustomNavigationStack; path = ../../../../Desktop/CustomNavigationStack; sourceTree = "<group>"; };
		11DDA5412B748BCC00955A8C /* FruitDetail.swift */ = {isa = PBXFileReference; fileEncoding = 4; lastKnownFileType = sourcecode.swift; name = FruitDetail.swift; path = ../../../../../../Downloads/NavTest/NavTest/NavigationView/FruitDetail.swift; sourceTree = "<group>"; };
		11DDA5422B748BCC00955A8C /* ParentNavView.swift */ = {isa = PBXFileReference; fileEncoding = 4; lastKnownFileType = sourcecode.swift; name = ParentNavView.swift; path = ../../../../../../Downloads/NavTest/NavTest/NavigationView/ParentNavView.swift; sourceTree = "<group>"; };
		11DDA5472B748BE500955A8C /* PathProductSubView.swift */ = {isa = PBXFileReference; fileEncoding = 4; lastKnownFileType = sourcecode.swift; name = PathProductSubView.swift; path = ../../../../../../../Downloads/NavTest/NavTest/NavigationStack/PathSubViews/PathProductSubView.swift; sourceTree = "<group>"; };
		11DDA5492B748BEC00955A8C /* ProductView.swift */ = {isa = PBXFileReference; fileEncoding = 4; lastKnownFileType = sourcecode.swift; path = ProductView.swift; sourceTree = "<group>"; };
		11DDA54A2B748BEC00955A8C /* IdView.swift */ = {isa = PBXFileReference; fileEncoding = 4; lastKnownFileType = sourcecode.swift; path = IdView.swift; sourceTree = "<group>"; };
		11DDA54E2B748C0100955A8C /* PathViewModel.swift */ = {isa = PBXFileReference; fileEncoding = 4; lastKnownFileType = sourcecode.swift; name = PathViewModel.swift; path = ../../../../../../../Downloads/NavTest/NavTest/NavigationStack/ViewModel/PathViewModel.swift; sourceTree = "<group>"; };
		11DDA5502B748C2100955A8C /* NavigationStackParent.swift */ = {isa = PBXFileReference; fileEncoding = 4; lastKnownFileType = sourcecode.swift; name = NavigationStackParent.swift; path = ../../../../../../Downloads/NavTest/NavTest/NavigationStack/NavigationStackParent.swift; sourceTree = "<group>"; };
		11DDA5512B748C2100955A8C /* NavigationStackPathView.swift */ = {isa = PBXFileReference; fileEncoding = 4; lastKnownFileType = sourcecode.swift; name = NavigationStackPathView.swift; path = ../../../../../../Downloads/NavTest/NavTest/NavigationStack/NavigationStackPathView.swift; sourceTree = "<group>"; };
		11DDA5542B748C2C00955A8C /* Product.swift */ = {isa = PBXFileReference; fileEncoding = 4; lastKnownFileType = sourcecode.swift; name = Product.swift; path = ../../../../../../Downloads/NavTest/NavTest/Model/Product.swift; sourceTree = "<group>"; };
		11DDA5552B748C2C00955A8C /* Consts.swift */ = {isa = PBXFileReference; fileEncoding = 4; lastKnownFileType = sourcecode.swift; name = Consts.swift; path = ../../../../../../Downloads/NavTest/NavTest/Model/Consts.swift; sourceTree = "<group>"; };
		11DDA5592B748C9700955A8C /* ListsView.swift */ = {isa = PBXFileReference; lastKnownFileType = sourcecode.swift; path = ListsView.swift; sourceTree = "<group>"; };
		11DDA55D2B74C4A900955A8C /* ListsType.swift */ = {isa = PBXFileReference; lastKnownFileType = sourcecode.swift; path = ListsType.swift; sourceTree = "<group>"; };
		11DDA5602B74CB4300955A8C /* NetworkManager.swift */ = {isa = PBXFileReference; lastKnownFileType = sourcecode.swift; path = NetworkManager.swift; sourceTree = "<group>"; };
		11DDA5642B74DA7600955A8C /* ArtworksResponse.swift */ = {isa = PBXFileReference; lastKnownFileType = sourcecode.swift; path = ArtworksResponse.swift; sourceTree = "<group>"; };
		11DDA5662B74DA8900955A8C /* ArtworksPagination.swift */ = {isa = PBXFileReference; lastKnownFileType = sourcecode.swift; path = ArtworksPagination.swift; sourceTree = "<group>"; };
		11DDA5682B74DAD000955A8C /* Artwork.swift */ = {isa = PBXFileReference; lastKnownFileType = sourcecode.swift; path = Artwork.swift; sourceTree = "<group>"; };
		11DDA56B2B74E36900955A8C /* RandomAccessCollection+Extensions.swift */ = {isa = PBXFileReference; lastKnownFileType = sourcecode.swift; path = "RandomAccessCollection+Extensions.swift"; sourceTree = "<group>"; };
		11DDA56E2B74E56100955A8C /* NewsResponse.swift */ = {isa = PBXFileReference; lastKnownFileType = sourcecode.swift; path = NewsResponse.swift; sourceTree = "<group>"; };
		11DDA5702B74E56D00955A8C /* Article.swift */ = {isa = PBXFileReference; lastKnownFileType = sourcecode.swift; path = Article.swift; sourceTree = "<group>"; };
		11DDA5762B74E5EE00955A8C /* ArtworksView.swift */ = {isa = PBXFileReference; lastKnownFileType = sourcecode.swift; path = ArtworksView.swift; sourceTree = "<group>"; };
		11DDA5782B74E60200955A8C /* ArtworksViewModel.swift */ = {isa = PBXFileReference; lastKnownFileType = sourcecode.swift; path = ArtworksViewModel.swift; sourceTree = "<group>"; };
		11DDA57B2B74E73B00955A8C /* NewsView.swift */ = {isa = PBXFileReference; lastKnownFileType = sourcecode.swift; path = NewsView.swift; sourceTree = "<group>"; };
		11DDA57D2B74E74000955A8C /* NewsViewModel.swift */ = {isa = PBXFileReference; lastKnownFileType = sourcecode.swift; path = NewsViewModel.swift; sourceTree = "<group>"; };
		11DDA5802B75186A00955A8C /* BeersResponse.swift */ = {isa = PBXFileReference; lastKnownFileType = sourcecode.swift; path = BeersResponse.swift; sourceTree = "<group>"; };
		11DDA5832B75190800955A8C /* BeersView.swift */ = {isa = PBXFileReference; lastKnownFileType = sourcecode.swift; path = BeersView.swift; sourceTree = "<group>"; };
		11DDA5852B75190E00955A8C /* BeersViewModel.swift */ = {isa = PBXFileReference; lastKnownFileType = sourcecode.swift; path = BeersViewModel.swift; sourceTree = "<group>"; };
		11DDA5872B751CE900955A8C /* DetailArtworksView.swift */ = {isa = PBXFileReference; lastKnownFileType = sourcecode.swift; path = DetailArtworksView.swift; sourceTree = "<group>"; };
/* End PBXFileReference section */

/* Begin PBXFrameworksBuildPhase section */
		11DDA5192B74806900955A8C /* Frameworks */ = {
			isa = PBXFrameworksBuildPhase;
			buildActionMask = 2147483647;
			files = (
				11DDA53D2B74823900955A8C /* CustomNavigationStack in Frameworks */,
			);
			runOnlyForDeploymentPostprocessing = 0;
		};
/* End PBXFrameworksBuildPhase section */

/* Begin PBXGroup section */
		1163609B2B78A13B000F7B37 /* Views */ = {
			isa = PBXGroup;
			children = (
				1163609C2B78A145000F7B37 /* NavigationBack.swift */,
			);
			path = Views;
			sourceTree = "<group>";
		};
		116360A02B78A2F1000F7B37 /* Helpers */ = {
			isa = PBXGroup;
			children = (
				116360A12B78A2F6000F7B37 /* ImageLoader.swift */,
				116360A32B78A31B000F7B37 /* ImageView.swift */,
			);
			path = Helpers;
			sourceTree = "<group>";
		};
		11DDA5132B74806900955A8C = {
			isa = PBXGroup;
			children = (
				11DDA51E2B74806900955A8C /* Otus */,
				11DDA51D2B74806900955A8C /* Products */,
				11DDA53A2B7481D100955A8C /* Frameworks */,
			);
			sourceTree = "<group>";
		};
		11DDA51D2B74806900955A8C /* Products */ = {
			isa = PBXGroup;
			children = (
				11DDA51C2B74806900955A8C /* Otus.app */,
			);
			name = Products;
			sourceTree = "<group>";
		};
		11DDA51E2B74806900955A8C /* Otus */ = {
			isa = PBXGroup;
			children = (
				116360A02B78A2F1000F7B37 /* Helpers */,
				1163609B2B78A13B000F7B37 /* Views */,
				11DDA5722B74E5C300955A8C /* Modules */,
				11DDA56A2B74E36500955A8C /* Extensions */,
				11DDA5622B74CBB600955A8C /* Models */,
				11DDA55F2B74C6A400955A8C /* Network */,
				11DDA5582B748C7200955A8C /* Screens */,
				11DDA5402B748BBE00955A8C /* NavigationView */,
				11DDA53F2B748BB700955A8C /* NavigationStack */,
				11DDA53E2B748BA100955A8C /* Model */,
				11DDA52D2B74809A00955A8C /* CustomStackNavigation */,
				11DDA51F2B74806900955A8C /* OtusApp.swift */,
				11DDA5212B74806900955A8C /* ContentView.swift */,
				11DDA5232B74806A00955A8C /* Assets.xcassets */,
				11DDA5252B74806A00955A8C /* Preview Content */,
			);
			path = Otus;
			sourceTree = "<group>";
		};
		11DDA5252B74806A00955A8C /* Preview Content */ = {
			isa = PBXGroup;
			children = (
				11DDA5262B74806A00955A8C /* Preview Assets.xcassets */,
			);
			path = "Preview Content";
			sourceTree = "<group>";
		};
		11DDA52D2B74809A00955A8C /* CustomStackNavigation */ = {
			isa = PBXGroup;
			children = (
				11DDA52E2B7480C000955A8C /* CustomContentView.swift */,
				11DDA52F2B7480C000955A8C /* CustomRootView.swift */,
				11DDA5302B7480C000955A8C /* CustomTransition.swift */,
				11DDA5312B7480C000955A8C /* DetailView.swift */,
			);
			path = CustomStackNavigation;
			sourceTree = "<group>";
		};
		11DDA53A2B7481D100955A8C /* Frameworks */ = {
			isa = PBXGroup;
			children = (
				11DDA53B2B7481D200955A8C /* CustomNavigationStack */,
			);
			name = Frameworks;
			sourceTree = "<group>";
		};
		11DDA53E2B748BA100955A8C /* Model */ = {
			isa = PBXGroup;
			children = (
				11DDA5552B748C2C00955A8C /* Consts.swift */,
				11DDA5542B748C2C00955A8C /* Product.swift */,
			);
			path = Model;
			sourceTree = "<group>";
		};
		11DDA53F2B748BB700955A8C /* NavigationStack */ = {
			isa = PBXGroup;
			children = (
				11DDA5502B748C2100955A8C /* NavigationStackParent.swift */,
				11DDA5512B748C2100955A8C /* NavigationStackPathView.swift */,
				11DDA54D2B748BF700955A8C /* ViewModel */,
				11DDA5462B748BDD00955A8C /* StackSubViews */,
				11DDA5452B748BD600955A8C /* PathSubViews */,
			);
			path = NavigationStack;
			sourceTree = "<group>";
		};
		11DDA5402B748BBE00955A8C /* NavigationView */ = {
			isa = PBXGroup;
			children = (
				11DDA5412B748BCC00955A8C /* FruitDetail.swift */,
				11DDA5422B748BCC00955A8C /* ParentNavView.swift */,
			);
			path = NavigationView;
			sourceTree = "<group>";
		};
		11DDA5452B748BD600955A8C /* PathSubViews */ = {
			isa = PBXGroup;
			children = (
				11DDA5472B748BE500955A8C /* PathProductSubView.swift */,
			);
			path = PathSubViews;
			sourceTree = "<group>";
		};
		11DDA5462B748BDD00955A8C /* StackSubViews */ = {
			isa = PBXGroup;
			children = (
				11DDA54A2B748BEC00955A8C /* IdView.swift */,
				11DDA5492B748BEC00955A8C /* ProductView.swift */,
			);
			path = StackSubViews;
			sourceTree = "<group>";
		};
		11DDA54D2B748BF700955A8C /* ViewModel */ = {
			isa = PBXGroup;
			children = (
				11DDA54E2B748C0100955A8C /* PathViewModel.swift */,
			);
			path = ViewModel;
			sourceTree = "<group>";
		};
		11DDA5582B748C7200955A8C /* Screens */ = {
			isa = PBXGroup;
			children = (
				11DDA5592B748C9700955A8C /* ListsView.swift */,
				116360A52B78A3AF000F7B37 /* ListsViewModel.swift */,
			);
			path = Screens;
			sourceTree = "<group>";
		};
		11DDA55F2B74C6A400955A8C /* Network */ = {
			isa = PBXGroup;
			children = (
				11DDA5602B74CB4300955A8C /* NetworkManager.swift */,
			);
			path = Network;
			sourceTree = "<group>";
		};
		11DDA5622B74CBB600955A8C /* Models */ = {
			isa = PBXGroup;
			children = (
				11DDA5822B7518F500955A8C /* Beers */,
				11DDA56D2B74E4DB00955A8C /* News */,
				11DDA5632B74CBBF00955A8C /* Artworks */,
				11DDA55D2B74C4A900955A8C /* ListsType.swift */,
			);
			path = Models;
			sourceTree = "<group>";
		};
		11DDA5632B74CBBF00955A8C /* Artworks */ = {
			isa = PBXGroup;
			children = (
				11DDA5642B74DA7600955A8C /* ArtworksResponse.swift */,
				11DDA5662B74DA8900955A8C /* ArtworksPagination.swift */,
				11DDA5682B74DAD000955A8C /* Artwork.swift */,
			);
			path = Artworks;
			sourceTree = "<group>";
		};
		11DDA56A2B74E36500955A8C /* Extensions */ = {
			isa = PBXGroup;
			children = (
				11DDA56B2B74E36900955A8C /* RandomAccessCollection+Extensions.swift */,
				116360992B789CC0000F7B37 /* String+Extensions.swift */,
			);
			path = Extensions;
			sourceTree = "<group>";
		};
		11DDA56D2B74E4DB00955A8C /* News */ = {
			isa = PBXGroup;
			children = (
				11DDA56E2B74E56100955A8C /* NewsResponse.swift */,
				11DDA5702B74E56D00955A8C /* Article.swift */,
			);
			path = News;
			sourceTree = "<group>";
		};
		11DDA5722B74E5C300955A8C /* Modules */ = {
			isa = PBXGroup;
			children = (
				11DDA57F2B750D4400955A8C /* Beers */,
				11DDA57A2B74E73500955A8C /* News */,
				11DDA5732B74E5C800955A8C /* Artwokrs */,
			);
			path = Modules;
			sourceTree = "<group>";
		};
		11DDA5732B74E5C800955A8C /* Artwokrs */ = {
			isa = PBXGroup;
			children = (
				11DDA5762B74E5EE00955A8C /* ArtworksView.swift */,
				11DDA5782B74E60200955A8C /* ArtworksViewModel.swift */,
				11DDA5872B751CE900955A8C /* DetailArtworksView.swift */,
			);
			path = Artwokrs;
			sourceTree = "<group>";
		};
		11DDA57A2B74E73500955A8C /* News */ = {
			isa = PBXGroup;
			children = (
				11DDA57B2B74E73B00955A8C /* NewsView.swift */,
				11DDA57D2B74E74000955A8C /* NewsViewModel.swift */,
				1163609E2B78A24C000F7B37 /* DetailNewsView.swift */,
			);
			path = News;
			sourceTree = "<group>";
		};
		11DDA57F2B750D4400955A8C /* Beers */ = {
			isa = PBXGroup;
			children = (
				11DDA5832B75190800955A8C /* BeersView.swift */,
				11DDA5852B75190E00955A8C /* BeersViewModel.swift */,
				116360A72B78A5F2000F7B37 /* DetailBeersView.swift */,
			);
			path = Beers;
			sourceTree = "<group>";
		};
		11DDA5822B7518F500955A8C /* Beers */ = {
			isa = PBXGroup;
			children = (
				11DDA5802B75186A00955A8C /* BeersResponse.swift */,
			);
			path = Beers;
			sourceTree = "<group>";
		};
/* End PBXGroup section */

/* Begin PBXNativeTarget section */
		11DDA51B2B74806900955A8C /* Otus */ = {
			isa = PBXNativeTarget;
			buildConfigurationList = 11DDA52A2B74806A00955A8C /* Build configuration list for PBXNativeTarget "Otus" */;
			buildPhases = (
				11DDA5182B74806900955A8C /* Sources */,
				11DDA5192B74806900955A8C /* Frameworks */,
				11DDA51A2B74806900955A8C /* Resources */,
			);
			buildRules = (
			);
			dependencies = (
			);
			name = Otus;
			packageProductDependencies = (
				11DDA53C2B74823900955A8C /* CustomNavigationStack */,
			);
			productName = Otus;
			productReference = 11DDA51C2B74806900955A8C /* Otus.app */;
			productType = "com.apple.product-type.application";
		};
/* End PBXNativeTarget section */

/* Begin PBXProject section */
		11DDA5142B74806900955A8C /* Project object */ = {
			isa = PBXProject;
			attributes = {
				BuildIndependentTargetsInParallel = 1;
				LastSwiftUpdateCheck = 1420;
				LastUpgradeCheck = 1420;
				TargetAttributes = {
					11DDA51B2B74806900955A8C = {
						CreatedOnToolsVersion = 14.2;
					};
				};
			};
			buildConfigurationList = 11DDA5172B74806900955A8C /* Build configuration list for PBXProject "Otus" */;
			compatibilityVersion = "Xcode 14.0";
			developmentRegion = en;
			hasScannedForEncodings = 0;
			knownRegions = (
				en,
				Base,
			);
			mainGroup = 11DDA5132B74806900955A8C;
			productRefGroup = 11DDA51D2B74806900955A8C /* Products */;
			projectDirPath = "";
			projectRoot = "";
			targets = (
				11DDA51B2B74806900955A8C /* Otus */,
			);
		};
/* End PBXProject section */

/* Begin PBXResourcesBuildPhase section */
		11DDA51A2B74806900955A8C /* Resources */ = {
			isa = PBXResourcesBuildPhase;
			buildActionMask = 2147483647;
			files = (
				11DDA5272B74806A00955A8C /* Preview Assets.xcassets in Resources */,
				11DDA5242B74806A00955A8C /* Assets.xcassets in Resources */,
			);
			runOnlyForDeploymentPostprocessing = 0;
		};
/* End PBXResourcesBuildPhase section */

/* Begin PBXSourcesBuildPhase section */
		11DDA5182B74806900955A8C /* Sources */ = {
			isa = PBXSourcesBuildPhase;
			buildActionMask = 2147483647;
			files = (
				11DDA5712B74E56D00955A8C /* Article.swift in Sources */,
				11DDA5842B75190800955A8C /* BeersView.swift in Sources */,
				11DDA54B2B748BEC00955A8C /* ProductView.swift in Sources */,
				11DDA5572B748C2C00955A8C /* Consts.swift in Sources */,
				11DDA5442B748BCC00955A8C /* ParentNavView.swift in Sources */,
				11DDA5812B75186A00955A8C /* BeersResponse.swift in Sources */,
				11DDA5562B748C2C00955A8C /* Product.swift in Sources */,
				11DDA5532B748C2100955A8C /* NavigationStackPathView.swift in Sources */,
				11DDA5792B74E60200955A8C /* ArtworksViewModel.swift in Sources */,
				11DDA5222B74806900955A8C /* ContentView.swift in Sources */,
				11DDA5482B748BE500955A8C /* PathProductSubView.swift in Sources */,
				11DDA57E2B74E74000955A8C /* NewsViewModel.swift in Sources */,
				1163609A2B789CC0000F7B37 /* String+Extensions.swift in Sources */,
				11DDA5862B75190E00955A8C /* BeersViewModel.swift in Sources */,
				1163609D2B78A145000F7B37 /* NavigationBack.swift in Sources */,
				11DDA5352B7480C000955A8C /* DetailView.swift in Sources */,
				11DDA5332B7480C000955A8C /* CustomRootView.swift in Sources */,
				11DDA5672B74DA8900955A8C /* ArtworksPagination.swift in Sources */,
				11DDA5652B74DA7600955A8C /* ArtworksResponse.swift in Sources */,
				11DDA54C2B748BEC00955A8C /* IdView.swift in Sources */,
				116360A42B78A31B000F7B37 /* ImageView.swift in Sources */,
				11DDA56C2B74E36900955A8C /* RandomAccessCollection+Extensions.swift in Sources */,
				11DDA55A2B748C9700955A8C /* ListsView.swift in Sources */,
				116360A82B78A5F2000F7B37 /* DetailBeersView.swift in Sources */,
				116360A62B78A3AF000F7B37 /* ListsViewModel.swift in Sources */,
				1163609F2B78A24C000F7B37 /* DetailNewsView.swift in Sources */,
				11DDA5612B74CB4300955A8C /* NetworkManager.swift in Sources */,
				11DDA5882B751CE900955A8C /* DetailArtworksView.swift in Sources */,
				11DDA57C2B74E73B00955A8C /* NewsView.swift in Sources */,
				116360A22B78A2F6000F7B37 /* ImageLoader.swift in Sources */,
				11DDA5772B74E5EE00955A8C /* ArtworksView.swift in Sources */,
				11DDA54F2B748C0200955A8C /* PathViewModel.swift in Sources */,
				11DDA5432B748BCC00955A8C /* FruitDetail.swift in Sources */,
				11DDA55E2B74C4A900955A8C /* ListsType.swift in Sources */,
				11DDA5342B7480C000955A8C /* CustomTransition.swift in Sources */,
				11DDA5202B74806900955A8C /* OtusApp.swift in Sources */,
				11DDA56F2B74E56100955A8C /* NewsResponse.swift in Sources */,
				11DDA5692B74DAD000955A8C /* Artwork.swift in Sources */,
				11DDA5522B748C2100955A8C /* NavigationStackParent.swift in Sources */,
				11DDA5322B7480C000955A8C /* CustomContentView.swift in Sources */,
			);
			runOnlyForDeploymentPostprocessing = 0;
		};
/* End PBXSourcesBuildPhase section */

/* Begin XCBuildConfiguration section */
		11DDA5282B74806A00955A8C /* Debug */ = {
			isa = XCBuildConfiguration;
			buildSettings = {
				ALWAYS_SEARCH_USER_PATHS = NO;
				CLANG_ANALYZER_NONNULL = YES;
				CLANG_ANALYZER_NUMBER_OBJECT_CONVERSION = YES_AGGRESSIVE;
				CLANG_CXX_LANGUAGE_STANDARD = "gnu++20";
				CLANG_ENABLE_MODULES = YES;
				CLANG_ENABLE_OBJC_ARC = YES;
				CLANG_ENABLE_OBJC_WEAK = YES;
				CLANG_WARN_BLOCK_CAPTURE_AUTORELEASING = YES;
				CLANG_WARN_BOOL_CONVERSION = YES;
				CLANG_WARN_COMMA = YES;
				CLANG_WARN_CONSTANT_CONVERSION = YES;
				CLANG_WARN_DEPRECATED_OBJC_IMPLEMENTATIONS = YES;
				CLANG_WARN_DIRECT_OBJC_ISA_USAGE = YES_ERROR;
				CLANG_WARN_DOCUMENTATION_COMMENTS = YES;
				CLANG_WARN_EMPTY_BODY = YES;
				CLANG_WARN_ENUM_CONVERSION = YES;
				CLANG_WARN_INFINITE_RECURSION = YES;
				CLANG_WARN_INT_CONVERSION = YES;
				CLANG_WARN_NON_LITERAL_NULL_CONVERSION = YES;
				CLANG_WARN_OBJC_IMPLICIT_RETAIN_SELF = YES;
				CLANG_WARN_OBJC_LITERAL_CONVERSION = YES;
				CLANG_WARN_OBJC_ROOT_CLASS = YES_ERROR;
				CLANG_WARN_QUOTED_INCLUDE_IN_FRAMEWORK_HEADER = YES;
				CLANG_WARN_RANGE_LOOP_ANALYSIS = YES;
				CLANG_WARN_STRICT_PROTOTYPES = YES;
				CLANG_WARN_SUSPICIOUS_MOVE = YES;
				CLANG_WARN_UNGUARDED_AVAILABILITY = YES_AGGRESSIVE;
				CLANG_WARN_UNREACHABLE_CODE = YES;
				CLANG_WARN__DUPLICATE_METHOD_MATCH = YES;
				COPY_PHASE_STRIP = NO;
				DEBUG_INFORMATION_FORMAT = dwarf;
				ENABLE_STRICT_OBJC_MSGSEND = YES;
				ENABLE_TESTABILITY = YES;
				GCC_C_LANGUAGE_STANDARD = gnu11;
				GCC_DYNAMIC_NO_PIC = NO;
				GCC_NO_COMMON_BLOCKS = YES;
				GCC_OPTIMIZATION_LEVEL = 0;
				GCC_PREPROCESSOR_DEFINITIONS = (
					"DEBUG=1",
					"$(inherited)",
				);
				GCC_WARN_64_TO_32_BIT_CONVERSION = YES;
				GCC_WARN_ABOUT_RETURN_TYPE = YES_ERROR;
				GCC_WARN_UNDECLARED_SELECTOR = YES;
				GCC_WARN_UNINITIALIZED_AUTOS = YES_AGGRESSIVE;
				GCC_WARN_UNUSED_FUNCTION = YES;
				GCC_WARN_UNUSED_VARIABLE = YES;
				IPHONEOS_DEPLOYMENT_TARGET = 16.2;
				MTL_ENABLE_DEBUG_INFO = INCLUDE_SOURCE;
				MTL_FAST_MATH = YES;
				ONLY_ACTIVE_ARCH = YES;
				SDKROOT = iphoneos;
				SWIFT_ACTIVE_COMPILATION_CONDITIONS = DEBUG;
				SWIFT_OPTIMIZATION_LEVEL = "-Onone";
			};
			name = Debug;
		};
		11DDA5292B74806A00955A8C /* Release */ = {
			isa = XCBuildConfiguration;
			buildSettings = {
				ALWAYS_SEARCH_USER_PATHS = NO;
				CLANG_ANALYZER_NONNULL = YES;
				CLANG_ANALYZER_NUMBER_OBJECT_CONVERSION = YES_AGGRESSIVE;
				CLANG_CXX_LANGUAGE_STANDARD = "gnu++20";
				CLANG_ENABLE_MODULES = YES;
				CLANG_ENABLE_OBJC_ARC = YES;
				CLANG_ENABLE_OBJC_WEAK = YES;
				CLANG_WARN_BLOCK_CAPTURE_AUTORELEASING = YES;
				CLANG_WARN_BOOL_CONVERSION = YES;
				CLANG_WARN_COMMA = YES;
				CLANG_WARN_CONSTANT_CONVERSION = YES;
				CLANG_WARN_DEPRECATED_OBJC_IMPLEMENTATIONS = YES;
				CLANG_WARN_DIRECT_OBJC_ISA_USAGE = YES_ERROR;
				CLANG_WARN_DOCUMENTATION_COMMENTS = YES;
				CLANG_WARN_EMPTY_BODY = YES;
				CLANG_WARN_ENUM_CONVERSION = YES;
				CLANG_WARN_INFINITE_RECURSION = YES;
				CLANG_WARN_INT_CONVERSION = YES;
				CLANG_WARN_NON_LITERAL_NULL_CONVERSION = YES;
				CLANG_WARN_OBJC_IMPLICIT_RETAIN_SELF = YES;
				CLANG_WARN_OBJC_LITERAL_CONVERSION = YES;
				CLANG_WARN_OBJC_ROOT_CLASS = YES_ERROR;
				CLANG_WARN_QUOTED_INCLUDE_IN_FRAMEWORK_HEADER = YES;
				CLANG_WARN_RANGE_LOOP_ANALYSIS = YES;
				CLANG_WARN_STRICT_PROTOTYPES = YES;
				CLANG_WARN_SUSPICIOUS_MOVE = YES;
				CLANG_WARN_UNGUARDED_AVAILABILITY = YES_AGGRESSIVE;
				CLANG_WARN_UNREACHABLE_CODE = YES;
				CLANG_WARN__DUPLICATE_METHOD_MATCH = YES;
				COPY_PHASE_STRIP = NO;
				DEBUG_INFORMATION_FORMAT = "dwarf-with-dsym";
				ENABLE_NS_ASSERTIONS = NO;
				ENABLE_STRICT_OBJC_MSGSEND = YES;
				GCC_C_LANGUAGE_STANDARD = gnu11;
				GCC_NO_COMMON_BLOCKS = YES;
				GCC_WARN_64_TO_32_BIT_CONVERSION = YES;
				GCC_WARN_ABOUT_RETURN_TYPE = YES_ERROR;
				GCC_WARN_UNDECLARED_SELECTOR = YES;
				GCC_WARN_UNINITIALIZED_AUTOS = YES_AGGRESSIVE;
				GCC_WARN_UNUSED_FUNCTION = YES;
				GCC_WARN_UNUSED_VARIABLE = YES;
				IPHONEOS_DEPLOYMENT_TARGET = 16.2;
				MTL_ENABLE_DEBUG_INFO = NO;
				MTL_FAST_MATH = YES;
				SDKROOT = iphoneos;
				SWIFT_COMPILATION_MODE = wholemodule;
				SWIFT_OPTIMIZATION_LEVEL = "-O";
				VALIDATE_PRODUCT = YES;
			};
			name = Release;
		};
		11DDA52B2B74806A00955A8C /* Debug */ = {
			isa = XCBuildConfiguration;
			buildSettings = {
				ASSETCATALOG_COMPILER_APPICON_NAME = AppIcon;
				ASSETCATALOG_COMPILER_GLOBAL_ACCENT_COLOR_NAME = AccentColor;
				CODE_SIGN_STYLE = Automatic;
				CURRENT_PROJECT_VERSION = 1;
				DEVELOPMENT_ASSET_PATHS = "\"Otus/Preview Content\"";
				ENABLE_PREVIEWS = YES;
				GENERATE_INFOPLIST_FILE = YES;
				INFOPLIST_KEY_UIApplicationSceneManifest_Generation = YES;
				INFOPLIST_KEY_UIApplicationSupportsIndirectInputEvents = YES;
				INFOPLIST_KEY_UILaunchScreen_Generation = YES;
				INFOPLIST_KEY_UISupportedInterfaceOrientations_iPad = "UIInterfaceOrientationPortrait UIInterfaceOrientationPortraitUpsideDown UIInterfaceOrientationLandscapeLeft UIInterfaceOrientationLandscapeRight";
				INFOPLIST_KEY_UISupportedInterfaceOrientations_iPhone = "UIInterfaceOrientationPortrait UIInterfaceOrientationLandscapeLeft UIInterfaceOrientationLandscapeRight";
				LD_RUNPATH_SEARCH_PATHS = (
					"$(inherited)",
					"@executable_path/Frameworks",
				);
				MARKETING_VERSION = 1.0;
				PRODUCT_BUNDLE_IDENTIFIER = ru.pehanx.Otus;
				PRODUCT_NAME = "$(TARGET_NAME)";
				SWIFT_EMIT_LOC_STRINGS = YES;
				SWIFT_VERSION = 5.0;
				TARGETED_DEVICE_FAMILY = "1,2";
			};
			name = Debug;
		};
		11DDA52C2B74806A00955A8C /* Release */ = {
			isa = XCBuildConfiguration;
			buildSettings = {
				ASSETCATALOG_COMPILER_APPICON_NAME = AppIcon;
				ASSETCATALOG_COMPILER_GLOBAL_ACCENT_COLOR_NAME = AccentColor;
				CODE_SIGN_STYLE = Automatic;
				CURRENT_PROJECT_VERSION = 1;
				DEVELOPMENT_ASSET_PATHS = "\"Otus/Preview Content\"";
				ENABLE_PREVIEWS = YES;
				GENERATE_INFOPLIST_FILE = YES;
				INFOPLIST_KEY_UIApplicationSceneManifest_Generation = YES;
				INFOPLIST_KEY_UIApplicationSupportsIndirectInputEvents = YES;
				INFOPLIST_KEY_UILaunchScreen_Generation = YES;
				INFOPLIST_KEY_UISupportedInterfaceOrientations_iPad = "UIInterfaceOrientationPortrait UIInterfaceOrientationPortraitUpsideDown UIInterfaceOrientationLandscapeLeft UIInterfaceOrientationLandscapeRight";
				INFOPLIST_KEY_UISupportedInterfaceOrientations_iPhone = "UIInterfaceOrientationPortrait UIInterfaceOrientationLandscapeLeft UIInterfaceOrientationLandscapeRight";
				LD_RUNPATH_SEARCH_PATHS = (
					"$(inherited)",
					"@executable_path/Frameworks",
				);
				MARKETING_VERSION = 1.0;
				PRODUCT_BUNDLE_IDENTIFIER = ru.pehanx.Otus;
				PRODUCT_NAME = "$(TARGET_NAME)";
				SWIFT_EMIT_LOC_STRINGS = YES;
				SWIFT_VERSION = 5.0;
				TARGETED_DEVICE_FAMILY = "1,2";
			};
			name = Release;
		};
/* End XCBuildConfiguration section */

/* Begin XCConfigurationList section */
		11DDA5172B74806900955A8C /* Build configuration list for PBXProject "Otus" */ = {
			isa = XCConfigurationList;
			buildConfigurations = (
				11DDA5282B74806A00955A8C /* Debug */,
				11DDA5292B74806A00955A8C /* Release */,
			);
			defaultConfigurationIsVisible = 0;
			defaultConfigurationName = Release;
		};
		11DDA52A2B74806A00955A8C /* Build configuration list for PBXNativeTarget "Otus" */ = {
			isa = XCConfigurationList;
			buildConfigurations = (
				11DDA52B2B74806A00955A8C /* Debug */,
				11DDA52C2B74806A00955A8C /* Release */,
			);
			defaultConfigurationIsVisible = 0;
			defaultConfigurationName = Release;
		};
/* End XCConfigurationList section */

/* Begin XCSwiftPackageProductDependency section */
		11DDA53C2B74823900955A8C /* CustomNavigationStack */ = {
			isa = XCSwiftPackageProductDependency;
			productName = CustomNavigationStack;
		};
/* End XCSwiftPackageProductDependency section */
	};
	rootObject = 11DDA5142B74806900955A8C /* Project object */;
}
